
Microsoft Visual Studio Solution File, Format Version 12.00
# Visual Studio Version 17
VisualStudioVersion = 17.6.33815.320
MinimumVisualStudioVersion = 10.0.40219.1
Project("{FAE04EC0-301F-11D3-BF4B-00C04F79EFBC}") = "System.Tray.Helper", "System.Tray.Helper.csproj", "{4A297904-4EA5-43D9-A892-17089A4ADC6D}"
EndProject
Global
	GlobalSection(SolutionConfigurationPlatforms) = preSolution
		Debug|Any CPU = Debug|Any CPU
		Release|Any CPU = Release|Any CPU
	EndGlobalSection
	GlobalSection(ProjectConfigurationPlatforms) = postSolution
		{4A297904-4EA5-43D9-A892-17089A4ADC6D}.Debug|Any CPU.ActiveCfg = Debug|Any CPU
		{4A297904-4EA5-43D9-A892-17089A4ADC6D}.Debug|Any CPU.Build.0 = Debug|Any CPU
		{4A297904-4EA5-43D9-A892-17089A4ADC6D}.Release|Any CPU.ActiveCfg = Release|Any CPU
		{4A297904-4EA5-43D9-A892-17089A4ADC6D}.Release|Any CPU.Build.0 = Release|Any CPU
	EndGlobalSection
	GlobalSection(SolutionProperties) = preSolution
		HideSolutionNode = FALSE
	EndGlobalSection
	GlobalSection(ExtensibilityGlobals) = postSolution
		SolutionGuid = {EAA944CF-872E-4DFA-908E-F2DCE75FA3B5}
	EndGlobalSection
EndGlobal
